// !$*UTF8*$!
{
	archiveVersion = 1;
	classes = {
	};
	objectVersion = 56;
	objects = {

/* Begin PBXBuildFile section */
		6C5346E92C68C71E008DD35F /* BannerHeaderView.xib in Resources */ = {isa = PBXBuildFile; fileRef = 6C5346EA2C68C71E008DD35F /* BannerHeaderView.xib */; };
		6C6B820F2C676265006A9DAD /* AppDelegate.swift in Sources */ = {isa = PBXBuildFile; fileRef = 6C6B820E2C676265006A9DAD /* AppDelegate.swift */; };
		6C6B82112C676265006A9DAD /* SceneDelegate.swift in Sources */ = {isa = PBXBuildFile; fileRef = 6C6B82102C676265006A9DAD /* SceneDelegate.swift */; };
		6C6B82182C676266006A9DAD /* Assets.xcassets in Resources */ = {isa = PBXBuildFile; fileRef = 6C6B82172C676266006A9DAD /* Assets.xcassets */; };
		6C6B821B2C676266006A9DAD /* LaunchScreen.storyboard in Resources */ = {isa = PBXBuildFile; fileRef = 6C6B82192C676266006A9DAD /* LaunchScreen.storyboard */; };
		6C6B82282C676368006A9DAD /* MainTabBarViewController.swift in Sources */ = {isa = PBXBuildFile; fileRef = 6C6B82272C676368006A9DAD /* MainTabBarViewController.swift */; };
		6C6F04072C69760300213AB1 /* AppConstants.swift in Sources */ = {isa = PBXBuildFile; fileRef = 6C6F04062C69760300213AB1 /* AppConstants.swift */; };
		6C6F04092C69768000213AB1 /* NetworkManager.swift in Sources */ = {isa = PBXBuildFile; fileRef = 6C6F04082C69768000213AB1 /* NetworkManager.swift */; };
		6C6F040E2C69786300213AB1 /* Movie.swift in Sources */ = {isa = PBXBuildFile; fileRef = 6C6F040D2C69786300213AB1 /* Movie.swift */; };
		6C6F04102C697A5800213AB1 /* LanguageManager.swift in Sources */ = {isa = PBXBuildFile; fileRef = 6C6F040F2C697A5800213AB1 /* LanguageManager.swift */; };
		6C6F04172C69831100213AB1 /* CommonViewPresenter.swift in Sources */ = {isa = PBXBuildFile; fileRef = 6C6F04142C69831100213AB1 /* CommonViewPresenter.swift */; };
		6C6F04182C69831100213AB1 /* Presentable.swift in Sources */ = {isa = PBXBuildFile; fileRef = 6C6F04152C69831100213AB1 /* Presentable.swift */; };
		6C6F04482C777D0C00213AB1 /* Common.swift in Sources */ = {isa = PBXBuildFile; fileRef = 6C6F04472C777D0C00213AB1 /* Common.swift */; };
		6C6F044B2C78021300213AB1 /* CarouselMovieCollectionViewCell.swift in Sources */ = {isa = PBXBuildFile; fileRef = 6C6F04492C78021300213AB1 /* CarouselMovieCollectionViewCell.swift */; };
		6C6F044C2C78021300213AB1 /* CarouselMovieCollectionViewCell.xib in Resources */ = {isa = PBXBuildFile; fileRef = 6C6F044A2C78021300213AB1 /* CarouselMovieCollectionViewCell.xib */; };
		6C6F04532C7CBB2A00213AB1 /* HomeModels.swift in Sources */ = {isa = PBXBuildFile; fileRef = 6C6F04522C7CBB2A00213AB1 /* HomeModels.swift */; };
		6C6F04592C7F508D00213AB1 /* Config.plist in Resources */ = {isa = PBXBuildFile; fileRef = 6C6F04582C7F508D00213AB1 /* Config.plist */; };
		6C6F045B2C7F514500213AB1 /* AppConfig.swift in Sources */ = {isa = PBXBuildFile; fileRef = 6C6F045A2C7F514500213AB1 /* AppConfig.swift */; };
		6C6F04622C7F54C900213AB1 /* ComingSoonPresenter.swift in Sources */ = {isa = PBXBuildFile; fileRef = 6C6F045D2C7F54C900213AB1 /* ComingSoonPresenter.swift */; };
		6C6F04632C7F54C900213AB1 /* ComingSoonRouter.swift in Sources */ = {isa = PBXBuildFile; fileRef = 6C6F045E2C7F54C900213AB1 /* ComingSoonRouter.swift */; };
		6C6F04642C7F54C900213AB1 /* ComingSoonViewController.swift in Sources */ = {isa = PBXBuildFile; fileRef = 6C6F045F2C7F54C900213AB1 /* ComingSoonViewController.swift */; };
		6C6F04652C7F54C900213AB1 /* ComingSoonBuilder.swift in Sources */ = {isa = PBXBuildFile; fileRef = 6C6F04602C7F54C900213AB1 /* ComingSoonBuilder.swift */; };
		6C6F04662C7F54C900213AB1 /* ComingSoonInteractor.swift in Sources */ = {isa = PBXBuildFile; fileRef = 6C6F04612C7F54C900213AB1 /* ComingSoonInteractor.swift */; };
		6C6F04682C7F5E3200213AB1 /* ComingSoonViewController.xib in Resources */ = {isa = PBXBuildFile; fileRef = 6C6F04672C7F5E3200213AB1 /* ComingSoonViewController.xib */; };
		6C6F046C2C7FDBD000213AB1 /* UpcomingMovieTableViewCell.swift in Sources */ = {isa = PBXBuildFile; fileRef = 6C6F046A2C7FDBD000213AB1 /* UpcomingMovieTableViewCell.swift */; };
		6C6F046D2C7FDBD000213AB1 /* UpcomingMovieTableViewCell.xib in Resources */ = {isa = PBXBuildFile; fileRef = 6C6F046B2C7FDBD000213AB1 /* UpcomingMovieTableViewCell.xib */; };
		6CB727CA2C6764DA0008F9E2 /* HomePresenter.swift in Sources */ = {isa = PBXBuildFile; fileRef = 6CB727C52C6764DA0008F9E2 /* HomePresenter.swift */; };
		6CB727CB2C6764DA0008F9E2 /* HomeRouter.swift in Sources */ = {isa = PBXBuildFile; fileRef = 6CB727C62C6764DA0008F9E2 /* HomeRouter.swift */; };
		6CB727CC2C6764DA0008F9E2 /* HomeViewController.swift in Sources */ = {isa = PBXBuildFile; fileRef = 6CB727C72C6764DA0008F9E2 /* HomeViewController.swift */; };
		6CB727CD2C6764DA0008F9E2 /* HomeBuilder.swift in Sources */ = {isa = PBXBuildFile; fileRef = 6CB727C82C6764DA0008F9E2 /* HomeBuilder.swift */; };
		6CB727CE2C6764DA0008F9E2 /* HomeInteractor.swift in Sources */ = {isa = PBXBuildFile; fileRef = 6CB727C92C6764DA0008F9E2 /* HomeInteractor.swift */; };
		6CB727E12C676C5D0008F9E2 /* Localizable.xcstrings in Resources */ = {isa = PBXBuildFile; fileRef = 6CB727E02C676C5D0008F9E2 /* Localizable.xcstrings */; };
		6CB727E32C676D560008F9E2 /* String+Extensions.swift in Sources */ = {isa = PBXBuildFile; fileRef = 6CB727E22C676D560008F9E2 /* String+Extensions.swift */; };
		6CB727E52C676EEE0008F9E2 /* HomeViewController.xib in Resources */ = {isa = PBXBuildFile; fileRef = 6CB727E42C676EEE0008F9E2 /* HomeViewController.xib */; };
		6CB727E82C6770740008F9E2 /* ScrollView+Extensions.swift in Sources */ = {isa = PBXBuildFile; fileRef = 6CB727E72C6770740008F9E2 /* ScrollView+Extensions.swift */; };
		6CB727EC2C68A95F0008F9E2 /* MovieCollectionTableViewCell.swift in Sources */ = {isa = PBXBuildFile; fileRef = 6CB727EA2C68A95F0008F9E2 /* MovieCollectionTableViewCell.swift */; };
		6CB727ED2C68A95F0008F9E2 /* MovieCollectionTableViewCell.xib in Resources */ = {isa = PBXBuildFile; fileRef = 6CB727EB2C68A95F0008F9E2 /* MovieCollectionTableViewCell.xib */; };
		6CB727F32C68B2B90008F9E2 /* BannerHeaderView.swift in Sources */ = {isa = PBXBuildFile; fileRef = 6CB727F22C68B2B90008F9E2 /* BannerHeaderView.swift */; };
		6CB727F52C68B3150008F9E2 /* UIView+Extensions.swift in Sources */ = {isa = PBXBuildFile; fileRef = 6CB727F42C68B3150008F9E2 /* UIView+Extensions.swift */; };
		6CB727FA2C68B5B10008F9E2 /* Home.xcassets in Resources */ = {isa = PBXBuildFile; fileRef = 6CB727F92C68B5B10008F9E2 /* Home.xcassets */; };
		6CE0E12D2C68C21C00CC707D /* Common.xcassets in Resources */ = {isa = PBXBuildFile; fileRef = 6CE0E12C2C68C21C00CC707D /* Common.xcassets */; };
		FC8381414C9DEEEE1EE88C20 /* Pods_Netflix_Clone.framework in Frameworks */ = {isa = PBXBuildFile; fileRef = 5FF47B91CC5ECAB6C1E55EFA /* Pods_Netflix_Clone.framework */; };
/* End PBXBuildFile section */

/* Begin PBXFileReference section */
		5FF47B91CC5ECAB6C1E55EFA /* Pods_Netflix_Clone.framework */ = {isa = PBXFileReference; explicitFileType = wrapper.framework; includeInIndex = 0; path = Pods_Netflix_Clone.framework; sourceTree = BUILT_PRODUCTS_DIR; };
		6C5346EA2C68C71E008DD35F /* BannerHeaderView.xib */ = {isa = PBXFileReference; lastKnownFileType = file.xib; path = BannerHeaderView.xib; sourceTree = "<group>"; };
		6C6B820B2C676265006A9DAD /* Netflix Clone.app */ = {isa = PBXFileReference; explicitFileType = wrapper.application; includeInIndex = 0; path = "Netflix Clone.app"; sourceTree = BUILT_PRODUCTS_DIR; };
		6C6B820E2C676265006A9DAD /* AppDelegate.swift */ = {isa = PBXFileReference; lastKnownFileType = sourcecode.swift; path = AppDelegate.swift; sourceTree = "<group>"; };
		6C6B82102C676265006A9DAD /* SceneDelegate.swift */ = {isa = PBXFileReference; lastKnownFileType = sourcecode.swift; path = SceneDelegate.swift; sourceTree = "<group>"; };
		6C6B82172C676266006A9DAD /* Assets.xcassets */ = {isa = PBXFileReference; lastKnownFileType = folder.assetcatalog; path = Assets.xcassets; sourceTree = "<group>"; };
		6C6B821A2C676266006A9DAD /* Base */ = {isa = PBXFileReference; lastKnownFileType = file.storyboard; name = Base; path = Base.lproj/LaunchScreen.storyboard; sourceTree = "<group>"; };
		6C6B821C2C676266006A9DAD /* Info.plist */ = {isa = PBXFileReference; lastKnownFileType = text.plist.xml; path = Info.plist; sourceTree = "<group>"; };
		6C6B82272C676368006A9DAD /* MainTabBarViewController.swift */ = {isa = PBXFileReference; lastKnownFileType = sourcecode.swift; path = MainTabBarViewController.swift; sourceTree = "<group>"; };
		6C6F04062C69760300213AB1 /* AppConstants.swift */ = {isa = PBXFileReference; lastKnownFileType = sourcecode.swift; path = AppConstants.swift; sourceTree = "<group>"; };
		6C6F04082C69768000213AB1 /* NetworkManager.swift */ = {isa = PBXFileReference; lastKnownFileType = sourcecode.swift; path = NetworkManager.swift; sourceTree = "<group>"; };
		6C6F040D2C69786300213AB1 /* Movie.swift */ = {isa = PBXFileReference; lastKnownFileType = sourcecode.swift; path = Movie.swift; sourceTree = "<group>"; };
		6C6F040F2C697A5800213AB1 /* LanguageManager.swift */ = {isa = PBXFileReference; lastKnownFileType = sourcecode.swift; path = LanguageManager.swift; sourceTree = "<group>"; };
		6C6F04142C69831100213AB1 /* CommonViewPresenter.swift */ = {isa = PBXFileReference; fileEncoding = 4; lastKnownFileType = sourcecode.swift; path = CommonViewPresenter.swift; sourceTree = "<group>"; };
		6C6F04152C69831100213AB1 /* Presentable.swift */ = {isa = PBXFileReference; fileEncoding = 4; lastKnownFileType = sourcecode.swift; path = Presentable.swift; sourceTree = "<group>"; };
		6C6F04472C777D0C00213AB1 /* Common.swift */ = {isa = PBXFileReference; lastKnownFileType = sourcecode.swift; path = Common.swift; sourceTree = "<group>"; };
		6C6F04492C78021300213AB1 /* CarouselMovieCollectionViewCell.swift */ = {isa = PBXFileReference; lastKnownFileType = sourcecode.swift; path = CarouselMovieCollectionViewCell.swift; sourceTree = "<group>"; };
		6C6F044A2C78021300213AB1 /* CarouselMovieCollectionViewCell.xib */ = {isa = PBXFileReference; lastKnownFileType = file.xib; path = CarouselMovieCollectionViewCell.xib; sourceTree = "<group>"; };
		6C6F04522C7CBB2A00213AB1 /* HomeModels.swift */ = {isa = PBXFileReference; lastKnownFileType = sourcecode.swift; path = HomeModels.swift; sourceTree = "<group>"; };
		6C6F04582C7F508D00213AB1 /* Config.plist */ = {isa = PBXFileReference; lastKnownFileType = text.plist.xml; path = Config.plist; sourceTree = "<group>"; };
		6C6F045A2C7F514500213AB1 /* AppConfig.swift */ = {isa = PBXFileReference; lastKnownFileType = sourcecode.swift; path = AppConfig.swift; sourceTree = "<group>"; };
		6C6F045D2C7F54C900213AB1 /* ComingSoonPresenter.swift */ = {isa = PBXFileReference; lastKnownFileType = sourcecode.swift; path = ComingSoonPresenter.swift; sourceTree = "<group>"; };
		6C6F045E2C7F54C900213AB1 /* ComingSoonRouter.swift */ = {isa = PBXFileReference; lastKnownFileType = sourcecode.swift; path = ComingSoonRouter.swift; sourceTree = "<group>"; };
		6C6F045F2C7F54C900213AB1 /* ComingSoonViewController.swift */ = {isa = PBXFileReference; lastKnownFileType = sourcecode.swift; path = ComingSoonViewController.swift; sourceTree = "<group>"; };
		6C6F04602C7F54C900213AB1 /* ComingSoonBuilder.swift */ = {isa = PBXFileReference; lastKnownFileType = sourcecode.swift; path = ComingSoonBuilder.swift; sourceTree = "<group>"; };
		6C6F04612C7F54C900213AB1 /* ComingSoonInteractor.swift */ = {isa = PBXFileReference; lastKnownFileType = sourcecode.swift; path = ComingSoonInteractor.swift; sourceTree = "<group>"; };
		6C6F04672C7F5E3200213AB1 /* ComingSoonViewController.xib */ = {isa = PBXFileReference; lastKnownFileType = file.xib; path = ComingSoonViewController.xib; sourceTree = "<group>"; };
		6C6F046A2C7FDBD000213AB1 /* UpcomingMovieTableViewCell.swift */ = {isa = PBXFileReference; lastKnownFileType = sourcecode.swift; path = UpcomingMovieTableViewCell.swift; sourceTree = "<group>"; };
		6C6F046B2C7FDBD000213AB1 /* UpcomingMovieTableViewCell.xib */ = {isa = PBXFileReference; lastKnownFileType = file.xib; path = UpcomingMovieTableViewCell.xib; sourceTree = "<group>"; };
		6CB727C52C6764DA0008F9E2 /* HomePresenter.swift */ = {isa = PBXFileReference; lastKnownFileType = sourcecode.swift; path = HomePresenter.swift; sourceTree = "<group>"; };
		6CB727C62C6764DA0008F9E2 /* HomeRouter.swift */ = {isa = PBXFileReference; lastKnownFileType = sourcecode.swift; path = HomeRouter.swift; sourceTree = "<group>"; };
		6CB727C72C6764DA0008F9E2 /* HomeViewController.swift */ = {isa = PBXFileReference; lastKnownFileType = sourcecode.swift; path = HomeViewController.swift; sourceTree = "<group>"; };
		6CB727C82C6764DA0008F9E2 /* HomeBuilder.swift */ = {isa = PBXFileReference; lastKnownFileType = sourcecode.swift; path = HomeBuilder.swift; sourceTree = "<group>"; };
		6CB727C92C6764DA0008F9E2 /* HomeInteractor.swift */ = {isa = PBXFileReference; lastKnownFileType = sourcecode.swift; path = HomeInteractor.swift; sourceTree = "<group>"; };
		6CB727E02C676C5D0008F9E2 /* Localizable.xcstrings */ = {isa = PBXFileReference; lastKnownFileType = text.json.xcstrings; path = Localizable.xcstrings; sourceTree = "<group>"; };
		6CB727E22C676D560008F9E2 /* String+Extensions.swift */ = {isa = PBXFileReference; lastKnownFileType = sourcecode.swift; path = "String+Extensions.swift"; sourceTree = "<group>"; };
		6CB727E42C676EEE0008F9E2 /* HomeViewController.xib */ = {isa = PBXFileReference; lastKnownFileType = file.xib; path = HomeViewController.xib; sourceTree = "<group>"; };
		6CB727E72C6770740008F9E2 /* ScrollView+Extensions.swift */ = {isa = PBXFileReference; lastKnownFileType = sourcecode.swift; path = "ScrollView+Extensions.swift"; sourceTree = "<group>"; };
		6CB727EA2C68A95F0008F9E2 /* MovieCollectionTableViewCell.swift */ = {isa = PBXFileReference; lastKnownFileType = sourcecode.swift; path = MovieCollectionTableViewCell.swift; sourceTree = "<group>"; };
		6CB727EB2C68A95F0008F9E2 /* MovieCollectionTableViewCell.xib */ = {isa = PBXFileReference; lastKnownFileType = file.xib; path = MovieCollectionTableViewCell.xib; sourceTree = "<group>"; };
		6CB727F22C68B2B90008F9E2 /* BannerHeaderView.swift */ = {isa = PBXFileReference; lastKnownFileType = sourcecode.swift; path = BannerHeaderView.swift; sourceTree = "<group>"; };
		6CB727F42C68B3150008F9E2 /* UIView+Extensions.swift */ = {isa = PBXFileReference; lastKnownFileType = sourcecode.swift; path = "UIView+Extensions.swift"; sourceTree = "<group>"; };
		6CB727F92C68B5B10008F9E2 /* Home.xcassets */ = {isa = PBXFileReference; lastKnownFileType = folder.assetcatalog; path = Home.xcassets; sourceTree = "<group>"; };
		6CE0E12C2C68C21C00CC707D /* Common.xcassets */ = {isa = PBXFileReference; lastKnownFileType = folder.assetcatalog; path = Common.xcassets; sourceTree = "<group>"; };
		B9820EBA4121BAADB2506E6B /* Pods-Netflix Clone.release.xcconfig */ = {isa = PBXFileReference; includeInIndex = 1; lastKnownFileType = text.xcconfig; name = "Pods-Netflix Clone.release.xcconfig"; path = "Target Support Files/Pods-Netflix Clone/Pods-Netflix Clone.release.xcconfig"; sourceTree = "<group>"; };
		BE60B137645B87C345B87B8B /* Pods-Netflix Clone.debug.xcconfig */ = {isa = PBXFileReference; includeInIndex = 1; lastKnownFileType = text.xcconfig; name = "Pods-Netflix Clone.debug.xcconfig"; path = "Target Support Files/Pods-Netflix Clone/Pods-Netflix Clone.debug.xcconfig"; sourceTree = "<group>"; };
/* End PBXFileReference section */

/* Begin PBXFrameworksBuildPhase section */
		6C6B82082C676265006A9DAD /* Frameworks */ = {
			isa = PBXFrameworksBuildPhase;
			buildActionMask = 2147483647;
			files = (
				FC8381414C9DEEEE1EE88C20 /* Pods_Netflix_Clone.framework in Frameworks */,
			);
			runOnlyForDeploymentPostprocessing = 0;
		};
/* End PBXFrameworksBuildPhase section */

/* Begin PBXGroup section */
		6C6B82022C676265006A9DAD = {
			isa = PBXGroup;
			children = (
				6C6B820D2C676265006A9DAD /* Netflix Clone */,
				6C6B820C2C676265006A9DAD /* Products */,
				B168C27F70AF9E5ADE9E3E25 /* Pods */,
				C3C1A11DE51716E3CE2C2898 /* Frameworks */,
			);
			sourceTree = "<group>";
		};
		6C6B820C2C676265006A9DAD /* Products */ = {
			isa = PBXGroup;
			children = (
				6C6B820B2C676265006A9DAD /* Netflix Clone.app */,
			);
			name = Products;
			sourceTree = "<group>";
		};
		6C6B820D2C676265006A9DAD /* Netflix Clone */ = {
			isa = PBXGroup;
			children = (
				6C6F04572C7F505600213AB1 /* Config */,
				6C6F040A2C69784400213AB1 /* Domain */,
				6C6F04042C6975E500213AB1 /* Data */,
				6CB727D12C6767010008F9E2 /* Support */,
				6C6B82222C6762A7006A9DAD /* App */,
				6C6B821C2C676266006A9DAD /* Info.plist */,
				6C6B82242C676330006A9DAD /* Presentation */,
				6C6B82232C6762BE006A9DAD /* Resources */,
			);
			path = "Netflix Clone";
			sourceTree = "<group>";
		};
		6C6B82222C6762A7006A9DAD /* App */ = {
			isa = PBXGroup;
			children = (
				6C6B820E2C676265006A9DAD /* AppDelegate.swift */,
				6C6B82102C676265006A9DAD /* SceneDelegate.swift */,
				6C6B82192C676266006A9DAD /* LaunchScreen.storyboard */,
			);
			path = App;
			sourceTree = "<group>";
		};
		6C6B82232C6762BE006A9DAD /* Resources */ = {
			isa = PBXGroup;
			children = (
				6C6B82172C676266006A9DAD /* Assets.xcassets */,
				6CB727E02C676C5D0008F9E2 /* Localizable.xcstrings */,
				6CB727F92C68B5B10008F9E2 /* Home.xcassets */,
				6CE0E12C2C68C21C00CC707D /* Common.xcassets */,
			);
			path = Resources;
			sourceTree = "<group>";
		};
		6C6B82242C676330006A9DAD /* Presentation */ = {
			isa = PBXGroup;
			children = (
				6C6F04162C69831100213AB1 /* Helpers */,
				6C6B82252C676337006A9DAD /* Scenes */,
			);
			path = Presentation;
			sourceTree = "<group>";
		};
		6C6B82252C676337006A9DAD /* Scenes */ = {
			isa = PBXGroup;
			children = (
				6C6F045C2C7F54B600213AB1 /* ComingSoon */,
				6CB727C42C6764C80008F9E2 /* Home */,
				6C6B82262C67634E006A9DAD /* TabBar */,
			);
			path = Scenes;
			sourceTree = "<group>";
		};
		6C6B82262C67634E006A9DAD /* TabBar */ = {
			isa = PBXGroup;
			children = (
				6C6B82272C676368006A9DAD /* MainTabBarViewController.swift */,
			);
			path = TabBar;
			sourceTree = "<group>";
		};
		6C6F04042C6975E500213AB1 /* Data */ = {
			isa = PBXGroup;
			children = (
				6C6F04082C69768000213AB1 /* NetworkManager.swift */,
			);
			path = Data;
			sourceTree = "<group>";
		};
		6C6F04052C6975F100213AB1 /* Config */ = {
			isa = PBXGroup;
			children = (
				6C6F04062C69760300213AB1 /* AppConstants.swift */,
				6C6F040F2C697A5800213AB1 /* LanguageManager.swift */,
			);
			path = Config;
			sourceTree = "<group>";
		};
		6C6F040A2C69784400213AB1 /* Domain */ = {
			isa = PBXGroup;
			children = (
				6C6F040B2C69784900213AB1 /* Models */,
			);
			path = Domain;
			sourceTree = "<group>";
		};
		6C6F040B2C69784900213AB1 /* Models */ = {
			isa = PBXGroup;
			children = (
				6C6F040D2C69786300213AB1 /* Movie.swift */,
				6C6F04472C777D0C00213AB1 /* Common.swift */,
			);
			path = Models;
			sourceTree = "<group>";
		};
		6C6F04162C69831100213AB1 /* Helpers */ = {
			isa = PBXGroup;
			children = (
				6C6F04142C69831100213AB1 /* CommonViewPresenter.swift */,
				6C6F04152C69831100213AB1 /* Presentable.swift */,
			);
			path = Helpers;
			sourceTree = "<group>";
		};
		6C6F04572C7F505600213AB1 /* Config */ = {
			isa = PBXGroup;
			children = (
				6C6F04582C7F508D00213AB1 /* Config.plist */,
				6C6F045A2C7F514500213AB1 /* AppConfig.swift */,
			);
			path = Config;
			sourceTree = "<group>";
		};
		6C6F045C2C7F54B600213AB1 /* ComingSoon */ = {
			isa = PBXGroup;
			children = (
				6C6F04692C7FDBB400213AB1 /* Cell */,
				6C6F045D2C7F54C900213AB1 /* ComingSoonPresenter.swift */,
				6C6F045E2C7F54C900213AB1 /* ComingSoonRouter.swift */,
				6C6F045F2C7F54C900213AB1 /* ComingSoonViewController.swift */,
				6C6F04602C7F54C900213AB1 /* ComingSoonBuilder.swift */,
				6C6F04612C7F54C900213AB1 /* ComingSoonInteractor.swift */,
				6C6F04672C7F5E3200213AB1 /* ComingSoonViewController.xib */,
			);
			path = ComingSoon;
			sourceTree = "<group>";
		};
		6C6F04692C7FDBB400213AB1 /* Cell */ = {
			isa = PBXGroup;
			children = (
				6C6F046A2C7FDBD000213AB1 /* UpcomingMovieTableViewCell.swift */,
				6C6F046B2C7FDBD000213AB1 /* UpcomingMovieTableViewCell.xib */,
			);
			path = Cell;
			sourceTree = "<group>";
		};
		6CB727C42C6764C80008F9E2 /* Home */ = {
			isa = PBXGroup;
			children = (
				6CB727E92C68A8E90008F9E2 /* Views */,
				6CB727C52C6764DA0008F9E2 /* HomePresenter.swift */,
				6CB727C62C6764DA0008F9E2 /* HomeRouter.swift */,
				6CB727C72C6764DA0008F9E2 /* HomeViewController.swift */,
				6CB727C82C6764DA0008F9E2 /* HomeBuilder.swift */,
				6CB727C92C6764DA0008F9E2 /* HomeInteractor.swift */,
				6CB727E42C676EEE0008F9E2 /* HomeViewController.xib */,
				6C6F04522C7CBB2A00213AB1 /* HomeModels.swift */,
			);
			path = Home;
			sourceTree = "<group>";
		};
		6CB727D12C6767010008F9E2 /* Support */ = {
			isa = PBXGroup;
			children = (
				6C6F04052C6975F100213AB1 /* Config */,
				6CB727D22C6767080008F9E2 /* Extensions */,
			);
			path = Support;
			sourceTree = "<group>";
		};
		6CB727D22C6767080008F9E2 /* Extensions */ = {
			isa = PBXGroup;
			children = (
				6CB727E22C676D560008F9E2 /* String+Extensions.swift */,
				6CB727E72C6770740008F9E2 /* ScrollView+Extensions.swift */,
				6CB727F42C68B3150008F9E2 /* UIView+Extensions.swift */,
			);
			path = Extensions;
			sourceTree = "<group>";
		};
		6CB727E92C68A8E90008F9E2 /* Views */ = {
			isa = PBXGroup;
			children = (
				6CB727F12C68B2A70008F9E2 /* Cell */,
				6CB727F02C68B2A20008F9E2 /* Header */,
			);
			path = Views;
			sourceTree = "<group>";
		};
		6CB727F02C68B2A20008F9E2 /* Header */ = {
			isa = PBXGroup;
			children = (
				6C5346EA2C68C71E008DD35F /* BannerHeaderView.xib */,
				6CB727F22C68B2B90008F9E2 /* BannerHeaderView.swift */,
			);
			path = Header;
			sourceTree = "<group>";
		};
		6CB727F12C68B2A70008F9E2 /* Cell */ = {
			isa = PBXGroup;
			children = (
				6CB727EA2C68A95F0008F9E2 /* MovieCollectionTableViewCell.swift */,
				6CB727EB2C68A95F0008F9E2 /* MovieCollectionTableViewCell.xib */,
				6C6F04492C78021300213AB1 /* CarouselMovieCollectionViewCell.swift */,
				6C6F044A2C78021300213AB1 /* CarouselMovieCollectionViewCell.xib */,
			);
			path = Cell;
			sourceTree = "<group>";
		};
		B168C27F70AF9E5ADE9E3E25 /* Pods */ = {
			isa = PBXGroup;
			children = (
				BE60B137645B87C345B87B8B /* Pods-Netflix Clone.debug.xcconfig */,
				B9820EBA4121BAADB2506E6B /* Pods-Netflix Clone.release.xcconfig */,
			);
			path = Pods;
			sourceTree = "<group>";
		};
		C3C1A11DE51716E3CE2C2898 /* Frameworks */ = {
			isa = PBXGroup;
			children = (
				5FF47B91CC5ECAB6C1E55EFA /* Pods_Netflix_Clone.framework */,
			);
			name = Frameworks;
			sourceTree = "<group>";
		};
/* End PBXGroup section */

/* Begin PBXNativeTarget section */
		6C6B820A2C676265006A9DAD /* Netflix Clone */ = {
			isa = PBXNativeTarget;
			buildConfigurationList = 6C6B821F2C676266006A9DAD /* Build configuration list for PBXNativeTarget "Netflix Clone" */;
			buildPhases = (
				CAC65AA179877E8D2B0B1537 /* [CP] Check Pods Manifest.lock */,
				6C6B82072C676265006A9DAD /* Sources */,
				6C6B82082C676265006A9DAD /* Frameworks */,
				6C6B82092C676265006A9DAD /* Resources */,
				904111B985D848A1B2B80A0C /* [CP] Embed Pods Frameworks */,
			);
			buildRules = (
			);
			dependencies = (
			);
			name = "Netflix Clone";
			productName = "Netflix Clone";
			productReference = 6C6B820B2C676265006A9DAD /* Netflix Clone.app */;
			productType = "com.apple.product-type.application";
		};
/* End PBXNativeTarget section */

/* Begin PBXProject section */
		6C6B82032C676265006A9DAD /* Project object */ = {
			isa = PBXProject;
			attributes = {
				BuildIndependentTargetsInParallel = 1;
				LastSwiftUpdateCheck = 1520;
				LastUpgradeCheck = 1520;
				TargetAttributes = {
					6C6B820A2C676265006A9DAD = {
						CreatedOnToolsVersion = 15.2;
					};
				};
			};
			buildConfigurationList = 6C6B82062C676265006A9DAD /* Build configuration list for PBXProject "Netflix Clone" */;
			compatibilityVersion = "Xcode 14.0";
			developmentRegion = en;
			hasScannedForEncodings = 0;
			knownRegions = (
				en,
				Base,
				vi,
			);
			mainGroup = 6C6B82022C676265006A9DAD;
			productRefGroup = 6C6B820C2C676265006A9DAD /* Products */;
			projectDirPath = "";
			projectRoot = "";
			targets = (
				6C6B820A2C676265006A9DAD /* Netflix Clone */,
			);
		};
/* End PBXProject section */

/* Begin PBXResourcesBuildPhase section */
		6C6B82092C676265006A9DAD /* Resources */ = {
			isa = PBXResourcesBuildPhase;
			buildActionMask = 2147483647;
			files = (
				6C6B821B2C676266006A9DAD /* LaunchScreen.storyboard in Resources */,
				6C6B82182C676266006A9DAD /* Assets.xcassets in Resources */,
				6CB727ED2C68A95F0008F9E2 /* MovieCollectionTableViewCell.xib in Resources */,
				6CB727E12C676C5D0008F9E2 /* Localizable.xcstrings in Resources */,
				6C6F046D2C7FDBD000213AB1 /* UpcomingMovieTableViewCell.xib in Resources */,
				6CE0E12D2C68C21C00CC707D /* Common.xcassets in Resources */,
				6C6F04682C7F5E3200213AB1 /* ComingSoonViewController.xib in Resources */,
				6C6F044C2C78021300213AB1 /* CarouselMovieCollectionViewCell.xib in Resources */,
				6CB727FA2C68B5B10008F9E2 /* Home.xcassets in Resources */,
				6CB727E52C676EEE0008F9E2 /* HomeViewController.xib in Resources */,
				6C6F04592C7F508D00213AB1 /* Config.plist in Resources */,
				6C5346E92C68C71E008DD35F /* BannerHeaderView.xib in Resources */,
			);
			runOnlyForDeploymentPostprocessing = 0;
		};
/* End PBXResourcesBuildPhase section */

/* Begin PBXShellScriptBuildPhase section */
		904111B985D848A1B2B80A0C /* [CP] Embed Pods Frameworks */ = {
			isa = PBXShellScriptBuildPhase;
			buildActionMask = 2147483647;
			files = (
			);
			inputFileListPaths = (
				"${PODS_ROOT}/Target Support Files/Pods-Netflix Clone/Pods-Netflix Clone-frameworks-${CONFIGURATION}-input-files.xcfilelist",
			);
			name = "[CP] Embed Pods Frameworks";
			outputFileListPaths = (
				"${PODS_ROOT}/Target Support Files/Pods-Netflix Clone/Pods-Netflix Clone-frameworks-${CONFIGURATION}-output-files.xcfilelist",
			);
			runOnlyForDeploymentPostprocessing = 0;
			shellPath = /bin/sh;
			shellScript = "\"${PODS_ROOT}/Target Support Files/Pods-Netflix Clone/Pods-Netflix Clone-frameworks.sh\"\n";
			showEnvVarsInLog = 0;
		};
		CAC65AA179877E8D2B0B1537 /* [CP] Check Pods Manifest.lock */ = {
			isa = PBXShellScriptBuildPhase;
			buildActionMask = 2147483647;
			files = (
			);
			inputFileListPaths = (
			);
			inputPaths = (
				"${PODS_PODFILE_DIR_PATH}/Podfile.lock",
				"${PODS_ROOT}/Manifest.lock",
			);
			name = "[CP] Check Pods Manifest.lock";
			outputFileListPaths = (
			);
			outputPaths = (
				"$(DERIVED_FILE_DIR)/Pods-Netflix Clone-checkManifestLockResult.txt",
			);
			runOnlyForDeploymentPostprocessing = 0;
			shellPath = /bin/sh;
			shellScript = "diff \"${PODS_PODFILE_DIR_PATH}/Podfile.lock\" \"${PODS_ROOT}/Manifest.lock\" > /dev/null\nif [ $? != 0 ] ; then\n    # print error to STDERR\n    echo \"error: The sandbox is not in sync with the Podfile.lock. Run 'pod install' or update your CocoaPods installation.\" >&2\n    exit 1\nfi\n# This output is used by Xcode 'outputs' to avoid re-running this script phase.\necho \"SUCCESS\" > \"${SCRIPT_OUTPUT_FILE_0}\"\n";
			showEnvVarsInLog = 0;
		};
/* End PBXShellScriptBuildPhase section */

/* Begin PBXSourcesBuildPhase section */
		6C6B82072C676265006A9DAD /* Sources */ = {
			isa = PBXSourcesBuildPhase;
			buildActionMask = 2147483647;
			files = (
				6C6B82282C676368006A9DAD /* MainTabBarViewController.swift in Sources */,
				6CB727E82C6770740008F9E2 /* ScrollView+Extensions.swift in Sources */,
				6C6B820F2C676265006A9DAD /* AppDelegate.swift in Sources */,
				6C6B82112C676265006A9DAD /* SceneDelegate.swift in Sources */,
				6C6F046C2C7FDBD000213AB1 /* UpcomingMovieTableViewCell.swift in Sources */,
				6CB727CE2C6764DA0008F9E2 /* HomeInteractor.swift in Sources */,
				6C6F044B2C78021300213AB1 /* CarouselMovieCollectionViewCell.swift in Sources */,
				6CB727F52C68B3150008F9E2 /* UIView+Extensions.swift in Sources */,
				6C6F040E2C69786300213AB1 /* Movie.swift in Sources */,
				6CB727E32C676D560008F9E2 /* String+Extensions.swift in Sources */,
				6C6F045B2C7F514500213AB1 /* AppConfig.swift in Sources */,
				6CB727EC2C68A95F0008F9E2 /* MovieCollectionTableViewCell.swift in Sources */,
				6C6F04622C7F54C900213AB1 /* ComingSoonPresenter.swift in Sources */,
				6C6F04632C7F54C900213AB1 /* ComingSoonRouter.swift in Sources */,
				6C6F04642C7F54C900213AB1 /* ComingSoonViewController.swift in Sources */,
				6C6F04652C7F54C900213AB1 /* ComingSoonBuilder.swift in Sources */,
				6C6F04662C7F54C900213AB1 /* ComingSoonInteractor.swift in Sources */,
				6C6F04532C7CBB2A00213AB1 /* HomeModels.swift in Sources */,
				6CB727CD2C6764DA0008F9E2 /* HomeBuilder.swift in Sources */,
				6C6F04172C69831100213AB1 /* CommonViewPresenter.swift in Sources */,
				6CB727CA2C6764DA0008F9E2 /* HomePresenter.swift in Sources */,
				6C6F04182C69831100213AB1 /* Presentable.swift in Sources */,
				6C6F04482C777D0C00213AB1 /* Common.swift in Sources */,
				6CB727CB2C6764DA0008F9E2 /* HomeRouter.swift in Sources */,
				6C6F04072C69760300213AB1 /* AppConstants.swift in Sources */,
				6C6F04092C69768000213AB1 /* NetworkManager.swift in Sources */,
				6CB727CC2C6764DA0008F9E2 /* HomeViewController.swift in Sources */,
				6C6F04102C697A5800213AB1 /* LanguageManager.swift in Sources */,
				6CB727F32C68B2B90008F9E2 /* BannerHeaderView.swift in Sources */,
			);
			runOnlyForDeploymentPostprocessing = 0;
		};
/* End PBXSourcesBuildPhase section */

/* Begin PBXVariantGroup section */
		6C6B82192C676266006A9DAD /* LaunchScreen.storyboard */ = {
			isa = PBXVariantGroup;
			children = (
				6C6B821A2C676266006A9DAD /* Base */,
			);
			name = LaunchScreen.storyboard;
			sourceTree = "<group>";
		};
/* End PBXVariantGroup section */

/* Begin XCBuildConfiguration section */
		6C6B821D2C676266006A9DAD /* Debug */ = {
			isa = XCBuildConfiguration;
			buildSettings = {
				ALWAYS_SEARCH_USER_PATHS = NO;
				ASSETCATALOG_COMPILER_GENERATE_SWIFT_ASSET_SYMBOL_EXTENSIONS = YES;
				CLANG_ANALYZER_LOCALIZABILITY_NONLOCALIZED = YES;
				CLANG_ANALYZER_NONNULL = YES;
				CLANG_ANALYZER_NUMBER_OBJECT_CONVERSION = YES_AGGRESSIVE;
				CLANG_CXX_LANGUAGE_STANDARD = "gnu++20";
				CLANG_ENABLE_MODULES = YES;
				CLANG_ENABLE_OBJC_ARC = YES;
				CLANG_ENABLE_OBJC_WEAK = YES;
				CLANG_WARN_BLOCK_CAPTURE_AUTORELEASING = YES;
				CLANG_WARN_BOOL_CONVERSION = YES;
				CLANG_WARN_COMMA = YES;
				CLANG_WARN_CONSTANT_CONVERSION = YES;
				CLANG_WARN_DEPRECATED_OBJC_IMPLEMENTATIONS = YES;
				CLANG_WARN_DIRECT_OBJC_ISA_USAGE = YES_ERROR;
				CLANG_WARN_DOCUMENTATION_COMMENTS = YES;
				CLANG_WARN_EMPTY_BODY = YES;
				CLANG_WARN_ENUM_CONVERSION = YES;
				CLANG_WARN_INFINITE_RECURSION = YES;
				CLANG_WARN_INT_CONVERSION = YES;
				CLANG_WARN_NON_LITERAL_NULL_CONVERSION = YES;
				CLANG_WARN_OBJC_IMPLICIT_RETAIN_SELF = YES;
				CLANG_WARN_OBJC_LITERAL_CONVERSION = YES;
				CLANG_WARN_OBJC_ROOT_CLASS = YES_ERROR;
				CLANG_WARN_QUOTED_INCLUDE_IN_FRAMEWORK_HEADER = YES;
				CLANG_WARN_RANGE_LOOP_ANALYSIS = YES;
				CLANG_WARN_STRICT_PROTOTYPES = YES;
				CLANG_WARN_SUSPICIOUS_MOVE = YES;
				CLANG_WARN_UNGUARDED_AVAILABILITY = YES_AGGRESSIVE;
				CLANG_WARN_UNREACHABLE_CODE = YES;
				CLANG_WARN__DUPLICATE_METHOD_MATCH = YES;
				COPY_PHASE_STRIP = NO;
				DEBUG_INFORMATION_FORMAT = dwarf;
				ENABLE_STRICT_OBJC_MSGSEND = YES;
				ENABLE_TESTABILITY = YES;
				ENABLE_USER_SCRIPT_SANDBOXING = YES;
				GCC_C_LANGUAGE_STANDARD = gnu17;
				GCC_DYNAMIC_NO_PIC = NO;
				GCC_NO_COMMON_BLOCKS = YES;
				GCC_OPTIMIZATION_LEVEL = 0;
				GCC_PREPROCESSOR_DEFINITIONS = (
					"DEBUG=1",
					"$(inherited)",
				);
				GCC_WARN_64_TO_32_BIT_CONVERSION = YES;
				GCC_WARN_ABOUT_RETURN_TYPE = YES_ERROR;
				GCC_WARN_UNDECLARED_SELECTOR = YES;
				GCC_WARN_UNINITIALIZED_AUTOS = YES_AGGRESSIVE;
				GCC_WARN_UNUSED_FUNCTION = YES;
				GCC_WARN_UNUSED_VARIABLE = YES;
				IPHONEOS_DEPLOYMENT_TARGET = 13.0;
				LOCALIZATION_PREFERS_STRING_CATALOGS = YES;
				MTL_ENABLE_DEBUG_INFO = INCLUDE_SOURCE;
				MTL_FAST_MATH = YES;
				ONLY_ACTIVE_ARCH = YES;
				SDKROOT = iphoneos;
				SWIFT_ACTIVE_COMPILATION_CONDITIONS = "DEBUG $(inherited)";
				SWIFT_OPTIMIZATION_LEVEL = "-Onone";
			};
			name = Debug;
		};
		6C6B821E2C676266006A9DAD /* Release */ = {
			isa = XCBuildConfiguration;
			buildSettings = {
				ALWAYS_SEARCH_USER_PATHS = NO;
				ASSETCATALOG_COMPILER_GENERATE_SWIFT_ASSET_SYMBOL_EXTENSIONS = YES;
				CLANG_ANALYZER_LOCALIZABILITY_NONLOCALIZED = YES;
				CLANG_ANALYZER_NONNULL = YES;
				CLANG_ANALYZER_NUMBER_OBJECT_CONVERSION = YES_AGGRESSIVE;
				CLANG_CXX_LANGUAGE_STANDARD = "gnu++20";
				CLANG_ENABLE_MODULES = YES;
				CLANG_ENABLE_OBJC_ARC = YES;
				CLANG_ENABLE_OBJC_WEAK = YES;
				CLANG_WARN_BLOCK_CAPTURE_AUTORELEASING = YES;
				CLANG_WARN_BOOL_CONVERSION = YES;
				CLANG_WARN_COMMA = YES;
				CLANG_WARN_CONSTANT_CONVERSION = YES;
				CLANG_WARN_DEPRECATED_OBJC_IMPLEMENTATIONS = YES;
				CLANG_WARN_DIRECT_OBJC_ISA_USAGE = YES_ERROR;
				CLANG_WARN_DOCUMENTATION_COMMENTS = YES;
				CLANG_WARN_EMPTY_BODY = YES;
				CLANG_WARN_ENUM_CONVERSION = YES;
				CLANG_WARN_INFINITE_RECURSION = YES;
				CLANG_WARN_INT_CONVERSION = YES;
				CLANG_WARN_NON_LITERAL_NULL_CONVERSION = YES;
				CLANG_WARN_OBJC_IMPLICIT_RETAIN_SELF = YES;
				CLANG_WARN_OBJC_LITERAL_CONVERSION = YES;
				CLANG_WARN_OBJC_ROOT_CLASS = YES_ERROR;
				CLANG_WARN_QUOTED_INCLUDE_IN_FRAMEWORK_HEADER = YES;
				CLANG_WARN_RANGE_LOOP_ANALYSIS = YES;
				CLANG_WARN_STRICT_PROTOTYPES = YES;
				CLANG_WARN_SUSPICIOUS_MOVE = YES;
				CLANG_WARN_UNGUARDED_AVAILABILITY = YES_AGGRESSIVE;
				CLANG_WARN_UNREACHABLE_CODE = YES;
				CLANG_WARN__DUPLICATE_METHOD_MATCH = YES;
				COPY_PHASE_STRIP = NO;
				DEBUG_INFORMATION_FORMAT = "dwarf-with-dsym";
				ENABLE_NS_ASSERTIONS = NO;
				ENABLE_STRICT_OBJC_MSGSEND = YES;
				ENABLE_USER_SCRIPT_SANDBOXING = YES;
				GCC_C_LANGUAGE_STANDARD = gnu17;
				GCC_NO_COMMON_BLOCKS = YES;
				GCC_WARN_64_TO_32_BIT_CONVERSION = YES;
				GCC_WARN_ABOUT_RETURN_TYPE = YES_ERROR;
				GCC_WARN_UNDECLARED_SELECTOR = YES;
				GCC_WARN_UNINITIALIZED_AUTOS = YES_AGGRESSIVE;
				GCC_WARN_UNUSED_FUNCTION = YES;
				GCC_WARN_UNUSED_VARIABLE = YES;
				IPHONEOS_DEPLOYMENT_TARGET = 13.0;
				LOCALIZATION_PREFERS_STRING_CATALOGS = YES;
				MTL_ENABLE_DEBUG_INFO = NO;
				MTL_FAST_MATH = YES;
				SDKROOT = iphoneos;
				SWIFT_COMPILATION_MODE = wholemodule;
				VALIDATE_PRODUCT = YES;
			};
			name = Release;
		};
		6C6B82202C676266006A9DAD /* Debug */ = {
			isa = XCBuildConfiguration;
			baseConfigurationReference = BE60B137645B87C345B87B8B /* Pods-Netflix Clone.debug.xcconfig */;
			buildSettings = {
				ASSETCATALOG_COMPILER_APPICON_NAME = AppIcon;
				ASSETCATALOG_COMPILER_GLOBAL_ACCENT_COLOR_NAME = AccentColor;
				CODE_SIGN_STYLE = Automatic;
				CURRENT_PROJECT_VERSION = 1;
				DEVELOPMENT_TEAM = X2CJ5N6J47;
				ENABLE_USER_SCRIPT_SANDBOXING = NO;
				GENERATE_INFOPLIST_FILE = YES;
				INFOPLIST_FILE = "Netflix Clone/Info.plist";
				INFOPLIST_KEY_UIApplicationSupportsIndirectInputEvents = YES;
				INFOPLIST_KEY_UILaunchStoryboardName = LaunchScreen;
				INFOPLIST_KEY_UISupportedInterfaceOrientations_iPad = "UIInterfaceOrientationPortrait UIInterfaceOrientationPortraitUpsideDown UIInterfaceOrientationLandscapeLeft UIInterfaceOrientationLandscapeRight";
				INFOPLIST_KEY_UISupportedInterfaceOrientations_iPhone = "UIInterfaceOrientationPortrait UIInterfaceOrientationLandscapeLeft UIInterfaceOrientationLandscapeRight";
				IPHONEOS_DEPLOYMENT_TARGET = 13.0;
				LD_RUNPATH_SEARCH_PATHS = (
					"$(inherited)",
					"@executable_path/Frameworks",
				);
				MARKETING_VERSION = 1.0;
				PRODUCT_BUNDLE_IDENTIFIER = "com.vts.Netflix-Clone";
				PRODUCT_NAME = "$(TARGET_NAME)";
				SWIFT_EMIT_LOC_STRINGS = YES;
				SWIFT_VERSION = 5.0;
				TARGETED_DEVICE_FAMILY = "1,2";
			};
			name = Debug;
		};
		6C6B82212C676266006A9DAD /* Release */ = {
			isa = XCBuildConfiguration;
			baseConfigurationReference = B9820EBA4121BAADB2506E6B /* Pods-Netflix Clone.release.xcconfig */;
			buildSettings = {
				ASSETCATALOG_COMPILER_APPICON_NAME = AppIcon;
				ASSETCATALOG_COMPILER_GLOBAL_ACCENT_COLOR_NAME = AccentColor;
				CODE_SIGN_STYLE = Automatic;
				CURRENT_PROJECT_VERSION = 1;
				DEVELOPMENT_TEAM = X2CJ5N6J47;
				ENABLE_USER_SCRIPT_SANDBOXING = NO;
				GENERATE_INFOPLIST_FILE = YES;
				INFOPLIST_FILE = "Netflix Clone/Info.plist";
				INFOPLIST_KEY_UIApplicationSupportsIndirectInputEvents = YES;
				INFOPLIST_KEY_UILaunchStoryboardName = LaunchScreen;
				INFOPLIST_KEY_UISupportedInterfaceOrientations_iPad = "UIInterfaceOrientationPortrait UIInterfaceOrientationPortraitUpsideDown UIInterfaceOrientationLandscapeLeft UIInterfaceOrientationLandscapeRight";
				INFOPLIST_KEY_UISupportedInterfaceOrientations_iPhone = "UIInterfaceOrientationPortrait UIInterfaceOrientationLandscapeLeft UIInterfaceOrientationLandscapeRight";
				IPHONEOS_DEPLOYMENT_TARGET = 13.0;
				LD_RUNPATH_SEARCH_PATHS = (
					"$(inherited)",
					"@executable_path/Frameworks",
				);
				MARKETING_VERSION = 1.0;
				PRODUCT_BUNDLE_IDENTIFIER = "com.vts.Netflix-Clone";
				PRODUCT_NAME = "$(TARGET_NAME)";
				SWIFT_EMIT_LOC_STRINGS = YES;
				SWIFT_VERSION = 5.0;
				TARGETED_DEVICE_FAMILY = "1,2";
			};
			name = Release;
		};
/* End XCBuildConfiguration section */

/* Begin XCConfigurationList section */
		6C6B82062C676265006A9DAD /* Build configuration list for PBXProject "Netflix Clone" */ = {
			isa = XCConfigurationList;
			buildConfigurations = (
				6C6B821D2C676266006A9DAD /* Debug */,
				6C6B821E2C676266006A9DAD /* Release */,
			);
			defaultConfigurationIsVisible = 0;
			defaultConfigurationName = Release;
		};
		6C6B821F2C676266006A9DAD /* Build configuration list for PBXNativeTarget "Netflix Clone" */ = {
			isa = XCConfigurationList;
			buildConfigurations = (
				6C6B82202C676266006A9DAD /* Debug */,
				6C6B82212C676266006A9DAD /* Release */,
			);
			defaultConfigurationIsVisible = 0;
			defaultConfigurationName = Release;
		};
/* End XCConfigurationList section */
	};
	rootObject = 6C6B82032C676265006A9DAD /* Project object */;
}
